// !$*UTF8*$!
{
	archiveVersion = 1;
	classes = {
	};
	objectVersion = 46;
	objects = {

/* Begin PBXBuildFile section */
		91F12B2E1CCF4E62007A8BD3 /* AppDelegate.swift in Sources */ = {isa = PBXBuildFile; fileRef = 91F12B2D1CCF4E62007A8BD3 /* AppDelegate.swift */; };
		91F12B301CCF4E62007A8BD3 /* ViewController.swift in Sources */ = {isa = PBXBuildFile; fileRef = 91F12B2F1CCF4E62007A8BD3 /* ViewController.swift */; };
		91F12B331CCF4E62007A8BD3 /* Main.storyboard in Resources */ = {isa = PBXBuildFile; fileRef = 91F12B311CCF4E62007A8BD3 /* Main.storyboard */; };
		91F12B351CCF4E62007A8BD3 /* Assets.xcassets in Resources */ = {isa = PBXBuildFile; fileRef = 91F12B341CCF4E62007A8BD3 /* Assets.xcassets */; };
		91F12B381CCF4E62007A8BD3 /* LaunchScreen.storyboard in Resources */ = {isa = PBXBuildFile; fileRef = 91F12B361CCF4E62007A8BD3 /* LaunchScreen.storyboard */; };
/* End PBXBuildFile section */

/* Begin PBXFileReference section */
		91F12B2A1CCF4E62007A8BD3 /* Scroll To Fit Content on Screen.app */ = {isa = PBXFileReference; explicitFileType = wrapper.application; includeInIndex = 0; path = "Scroll To Fit Content on Screen.app"; sourceTree = BUILT_PRODUCTS_DIR; };
		91F12B2D1CCF4E62007A8BD3 /* AppDelegate.swift */ = {isa = PBXFileReference; lastKnownFileType = sourcecode.swift; path = AppDelegate.swift; sourceTree = "<group>"; };
		91F12B2F1CCF4E62007A8BD3 /* ViewController.swift */ = {isa = PBXFileReference; lastKnownFileType = sourcecode.swift; path = ViewController.swift; sourceTree = "<group>"; };
		91F12B321CCF4E62007A8BD3 /* Base */ = {isa = PBXFileReference; lastKnownFileType = file.storyboard; name = Base; path = Base.lproj/Main.storyboard; sourceTree = "<group>"; };
		91F12B341CCF4E62007A8BD3 /* Assets.xcassets */ = {isa = PBXFileReference; lastKnownFileType = folder.assetcatalog; path = Assets.xcassets; sourceTree = "<group>"; };
		91F12B371CCF4E62007A8BD3 /* Base */ = {isa = PBXFileReference; lastKnownFileType = file.storyboard; name = Base; path = Base.lproj/LaunchScreen.storyboard; sourceTree = "<group>"; };
		91F12B391CCF4E62007A8BD3 /* Info.plist */ = {isa = PBXFileReference; lastKnownFileType = text.plist.xml; path = Info.plist; sourceTree = "<group>"; };
/* End PBXFileReference section */

/* Begin PBXFrameworksBuildPhase section */
		91F12B271CCF4E62007A8BD3 /* Frameworks */ = {
			isa = PBXFrameworksBuildPhase;
			buildActionMask = 2147483647;
			files = (
			);
			runOnlyForDeploymentPostprocessing = 0;
		};
/* End PBXFrameworksBuildPhase section */

/* Begin PBXGroup section */
		91F12B211CCF4E62007A8BD3 = {
			isa = PBXGroup;
			children = (
				91F12B2C1CCF4E62007A8BD3 /* Scroll To Fit Content on Screen */,
				91F12B2B1CCF4E62007A8BD3 /* Products */,
			);
			sourceTree = "<group>";
		};
		91F12B2B1CCF4E62007A8BD3 /* Products */ = {
			isa = PBXGroup;
			children = (
				91F12B2A1CCF4E62007A8BD3 /* Scroll To Fit Content on Screen.app */,
			);
			name = Products;
			sourceTree = "<group>";
		};
		91F12B2C1CCF4E62007A8BD3 /* Scroll To Fit Content on Screen */ = {
			isa = PBXGroup;
			children = (
				91F12B2D1CCF4E62007A8BD3 /* AppDelegate.swift */,
				91F12B2F1CCF4E62007A8BD3 /* ViewController.swift */,
				91F12B311CCF4E62007A8BD3 /* Main.storyboard */,
				91F12B341CCF4E62007A8BD3 /* Assets.xcassets */,
				91F12B361CCF4E62007A8BD3 /* LaunchScreen.storyboard */,
				91F12B391CCF4E62007A8BD3 /* Info.plist */,
			);
			path = "Scroll To Fit Content on Screen";
			sourceTree = "<group>";
		};
/* End PBXGroup section */

/* Begin PBXNativeTarget section */
		91F12B291CCF4E62007A8BD3 /* Scroll To Fit Content on Screen */ = {
			isa = PBXNativeTarget;
			buildConfigurationList = 91F12B3C1CCF4E62007A8BD3 /* Build configuration list for PBXNativeTarget "Scroll To Fit Content on Screen" */;
			buildPhases = (
				91F12B261CCF4E62007A8BD3 /* Sources */,
				91F12B271CCF4E62007A8BD3 /* Frameworks */,
				91F12B281CCF4E62007A8BD3 /* Resources */,
			);
			buildRules = (
			);
			dependencies = (
			);
			name = "Scroll To Fit Content on Screen";
			productName = "Scroll To Fit Content on Screen";
			productReference = 91F12B2A1CCF4E62007A8BD3 /* Scroll To Fit Content on Screen.app */;
			productType = "com.apple.product-type.application";
		};
/* End PBXNativeTarget section */

/* Begin PBXProject section */
		91F12B221CCF4E62007A8BD3 /* Project object */ = {
			isa = PBXProject;
			attributes = {
				LastSwiftUpdateCheck = 0730;
				LastUpgradeCheck = 0730;
				ORGANIZATIONNAME = Awsome;
				TargetAttributes = {
					91F12B291CCF4E62007A8BD3 = {
						CreatedOnToolsVersion = 7.3;
						DevelopmentTeam = PW5CGBBSUC;
					};
				};
			};
			buildConfigurationList = 91F12B251CCF4E62007A8BD3 /* Build configuration list for PBXProject "Scroll To Fit Content on Screen" */;
			compatibilityVersion = "Xcode 3.2";
			developmentRegion = English;
			hasScannedForEncodings = 0;
			knownRegions = (
				en,
				Base,
			);
			mainGroup = 91F12B211CCF4E62007A8BD3;
			productRefGroup = 91F12B2B1CCF4E62007A8BD3 /* Products */;
			projectDirPath = "";
			projectRoot = "";
			targets = (
				91F12B291CCF4E62007A8BD3 /* Scroll To Fit Content on Screen */,
			);
		};
/* End PBXProject section */

/* Begin PBXResourcesBuildPhase section */
		91F12B281CCF4E62007A8BD3 /* Resources */ = {
			isa = PBXResourcesBuildPhase;
			buildActionMask = 2147483647;
			files = (
				91F12B381CCF4E62007A8BD3 /* LaunchScreen.storyboard in Resources */,
				91F12B351CCF4E62007A8BD3 /* Assets.xcassets in Resources */,
				91F12B331CCF4E62007A8BD3 /* Main.storyboard in Resources */,
			);
			runOnlyForDeploymentPostprocessing = 0;
		};
/* End PBXResourcesBuildPhase section */

/* Begin PBXSourcesBuildPhase section */
		91F12B261CCF4E62007A8BD3 /* Sources */ = {
			isa = PBXSourcesBuildPhase;
			buildActionMask = 2147483647;
			files = (
				91F12B301CCF4E62007A8BD3 /* ViewController.swift in Sources */,
				91F12B2E1CCF4E62007A8BD3 /* AppDelegate.swift in Sources */,
			);
			runOnlyForDeploymentPostprocessing = 0;
		};
/* End PBXSourcesBuildPhase section */

/* Begin PBXVariantGroup section */
		91F12B311CCF4E62007A8BD3 /* Main.storyboard */ = {
			isa = PBXVariantGroup;
			children = (
				91F12B321CCF4E62007A8BD3 /* Base */,
			);
			name = Main.storyboard;
			sourceTree = "<group>";
		};
		91F12B361CCF4E62007A8BD3 /* LaunchScreen.storyboard */ = {
			isa = PBXVariantGroup;
			children = (
				91F12B371CCF4E62007A8BD3 /* Base */,
			);
			name = LaunchScreen.storyboard;
			sourceTree = "<group>";
		};
/* End PBXVariantGroup section */

/* Begin XCBuildConfiguration section */
		91F12B3A1CCF4E62007A8BD3 /* Debug */ = {
			isa = XCBuildConfiguration;
			buildSettings = {
				ALWAYS_SEARCH_USER_PATHS = NO;
				CLANG_ANALYZER_NONNULL = YES;
				CLANG_CXX_LANGUAGE_STANDARD = "gnu++0x";
				CLANG_CXX_LIBRARY = "libc++";
				CLANG_ENABLE_MODULES = YES;
				CLANG_ENABLE_OBJC_ARC = YES;
				CLANG_WARN_BOOL_CONVERSION = YES;
				CLANG_WARN_CONSTANT_CONVERSION = YES;
				CLANG_WARN_DIRECT_OBJC_ISA_USAGE = YES_ERROR;
				CLANG_WARN_EMPTY_BODY = YES;
				CLANG_WARN_ENUM_CONVERSION = YES;
				CLANG_WARN_INT_CONVERSION = YES;
				CLANG_WARN_OBJC_ROOT_CLASS = YES_ERROR;
				CLANG_WARN_UNREACHABLE_CODE = YES;
				CLANG_WARN__DUPLICATE_METHOD_MATCH = YES;
				"CODE_SIGN_IDENTITY[sdk=iphoneos*]" = "iPhone Developer";
				COPY_PHASE_STRIP = NO;
				DEBUG_INFORMATION_FORMAT = dwarf;
				ENABLE_STRICT_OBJC_MSGSEND = YES;
				ENABLE_TESTABILITY = YES;
				GCC_C_LANGUAGE_STANDARD = gnu99;
				GCC_DYNAMIC_NO_PIC = NO;
				GCC_NO_COMMON_BLOCKS = YES;
				GCC_OPTIMIZATION_LEVEL = 0;
				GCC_PREPROCESSOR_DEFINITIONS = (
					"DEBUG=1",
					"$(inherited)",
				);
				GCC_WARN_64_TO_32_BIT_CONVERSION = YES;
				GCC_WARN_ABOUT_RETURN_TYPE = YES_ERROR;
				GCC_WARN_UNDECLARED_SELECTOR = YES;
				GCC_WARN_UNINITIALIZED_AUTOS = YES_AGGRESSIVE;
				GCC_WARN_UNUSED_FUNCTION = YES;
				GCC_WARN_UNUSED_VARIABLE = YES;
				IPHONEOS_DEPLOYMENT_TARGET = 9.3;
				MTL_ENABLE_DEBUG_INFO = YES;
				ONLY_ACTIVE_ARCH = YES;
				SDKROOT = iphoneos;
				SWIFT_OPTIMIZATION_LEVEL = "-Onone";
				TARGETED_DEVICE_FAMILY = "1,2";
			};
			name = Debug;
		};
		91F12B3B1CCF4E62007A8BD3 /* Release */ = {
			isa = XCBuildConfiguration;
			buildSettings = {
				ALWAYS_SEARCH_USER_PATHS = NO;
				CLANG_ANALYZER_NONNULL = YES;
				CLANG_CXX_LANGUAGE_STANDARD = "gnu++0x";
				CLANG_CXX_LIBRARY = "libc++";
				CLANG_ENABLE_MODULES = YES;
				CLANG_ENABLE_OBJC_ARC = YES;
				CLANG_WARN_BOOL_CONVERSION = YES;
				CLANG_WARN_CONSTANT_CONVERSION = YES;
				CLANG_WARN_DIRECT_OBJC_ISA_USAGE = YES_ERROR;
				CLANG_WARN_EMPTY_BODY = YES;
				CLANG_WARN_ENUM_CONVERSION = YES;
				CLANG_WARN_INT_CONVERSION = YES;
				CLANG_WARN_OBJC_ROOT_CLASS = YES_ERROR;
				CLANG_WARN_UNREACHABLE_CODE = YES;
				CLANG_WARN__DUPLICATE_METHOD_MATCH = YES;
				"CODE_SIGN_IDENTITY[sdk=iphoneos*]" = "iPhone Developer";
				COPY_PHASE_STRIP = NO;
				DEBUG_INFORMATION_FORMAT = "dwarf-with-dsym";
				ENABLE_NS_ASSERTIONS = NO;
				ENABLE_STRICT_OBJC_MSGSEND = YES;
				GCC_C_LANGUAGE_STANDARD = gnu99;
				GCC_NO_COMMON_BLOCKS = YES;
				GCC_WARN_64_TO_32_BIT_CONVERSION = YES;
				GCC_WARN_ABOUT_RETURN_TYPE = YES_ERROR;
				GCC_WARN_UNDECLARED_SELECTOR = YES;
				GCC_WARN_UNINITIALIZED_AUTOS = YES_AGGRESSIVE;
				GCC_WARN_UNUSED_FUNCTION = YES;
				GCC_WARN_UNUSED_VARIABLE = YES;
				IPHONEOS_DEPLOYMENT_TARGET = 9.3;
				MTL_ENABLE_DEBUG_INFO = NO;
				SDKROOT = iphoneos;
				TARGETED_DEVICE_FAMILY = "1,2";
				VALIDATE_PRODUCT = YES;
			};
			name = Release;
		};
		91F12B3D1CCF4E62007A8BD3 /* Debug */ = {
			isa = XCBuildConfiguration;
			buildSettings = {
				ASSETCATALOG_COMPILER_APPICON_NAME = AppIcon;
				INFOPLIST_FILE = "Scroll To Fit Content on Screen/Info.plist";
				LD_RUNPATH_SEARCH_PATHS = "$(inherited) @executable_path/Frameworks";
				PRODUCT_BUNDLE_IDENTIFIER = "com.awesome.Scroll-To-Fit-Content-on-Screen";
				PRODUCT_NAME = "$(TARGET_NAME)";
			};
			name = Debug;
		};
		91F12B3E1CCF4E62007A8BD3 /* Release */ = {
			isa = XCBuildConfiguration;
			buildSettings = {
				ASSETCATALOG_COMPILER_APPICON_NAME = AppIcon;
				INFOPLIST_FILE = "Scroll To Fit Content on Screen/Info.plist";
				LD_RUNPATH_SEARCH_PATHS = "$(inherited) @executable_path/Frameworks";
				PRODUCT_BUNDLE_IDENTIFIER = "com.awesome.Scroll-To-Fit-Content-on-Screen";
				PRODUCT_NAME = "$(TARGET_NAME)";
			};
			name = Release;
		};
/* End XCBuildConfiguration section */

/* Begin XCConfigurationList section */
		91F12B251CCF4E62007A8BD3 /* Build configuration list for PBXProject "Scroll To Fit Content on Screen" */ = {
			isa = XCConfigurationList;
			buildConfigurations = (
				91F12B3A1CCF4E62007A8BD3 /* Debug */,
				91F12B3B1CCF4E62007A8BD3 /* Release */,
			);
			defaultConfigurationIsVisible = 0;
			defaultConfigurationName = Release;
		};
		91F12B3C1CCF4E62007A8BD3 /* Build configuration list for PBXNativeTarget "Scroll To Fit Content on Screen" */ = {
			isa = XCConfigurationList;
			buildConfigurations = (
				91F12B3D1CCF4E62007A8BD3 /* Debug */,
				91F12B3E1CCF4E62007A8BD3 /* Release */,
			);
			defaultConfigurationIsVisible = 0;
		};
/* End XCConfigurationList section */
	};
	rootObject = 91F12B221CCF4E62007A8BD3 /* Project object */;
}
